Microsoft Visual Studio Solution File, Format Version 8.00
Project("{8BC9CEB8-8B4A-11D0-8D11-00A0C91BC942}") = "vorbis_static", "vorbis_static.vcproj", "{E4E14C2D-53D1-4B62-9110-B8F7AC54B1EA}"
	ProjectSection(ProjectDependencies) = postProject
	EndProjectSection
EndProject
Global
	GlobalSection(SolutionConfiguration) = preSolution
		Debug = Debug
		Release = Release
	EndGlobalSection
	GlobalSection(ProjectConfiguration) = postSolution
		{E4E14C2D-53D1-4B62-9110-B8F7AC54B1EA}.Debug.ActiveCfg = Debug|Win32
		{E4E14C2D-53D1-4B62-9110-B8F7AC54B1EA}.Debug.Build.0 = Debug|Win32
		{E4E14C2D-53D1-4B62-9110-B8F7AC54B1EA}.Release.ActiveCfg = Release|Win32
		{E4E14C2D-53D1-4B62-9110-B8F7AC54B1EA}.Release.Build.0 = Release|Win32
	EndGlobalSection
	GlobalSection(ExtensibilityGlobals) = postSolution
	EndGlobalSection
	GlobalSection(ExtensibilityAddIns) = postSolution
	EndGlobalSection
EndGlobal
