Microsoft Visual Studio Solution File, Format Version 8.00
Project("{8BC9CEB8-8B4A-11D0-8D11-00A0C91BC942}") = "ToHeart2", "ToHeart2.vcproj", "{EB7B7C9F-BA5C-48E0-8454-C869ACAB9997}"
	ProjectSection(ProjectDependencies) = postProject
	EndProjectSection
EndProject
Global
	GlobalSection(SolutionConfiguration) = preSolution
		Debug = Debug
		Release = Release
	EndGlobalSection
	GlobalSection(ProjectConfiguration) = postSolution
		{EB7B7C9F-BA5C-48E0-8454-C869ACAB9997}.Debug.ActiveCfg = Debug|Win32
		{EB7B7C9F-BA5C-48E0-8454-C869ACAB9997}.Debug.Build.0 = Debug|Win32
		{EB7B7C9F-BA5C-48E0-8454-C869ACAB9997}.Release.ActiveCfg = Release|Win32
		{EB7B7C9F-BA5C-48E0-8454-C869ACAB9997}.Release.Build.0 = Release|Win32
	EndGlobalSection
	GlobalSection(ExtensibilityGlobals) = postSolution
	EndGlobalSection
	GlobalSection(ExtensibilityAddIns) = postSolution
	EndGlobalSection
EndGlobal
