Microsoft Visual Studio Solution File, Format Version 8.00
Project("{8BC9CEB8-8B4A-11D0-8D11-00A0C91BC942}") = "XviDDec", "XviDDec.vcproj", "{2EF3E0BD-3670-4EC2-B6B6-2A7ECCA6FE03}"
	ProjectSection(ProjectDependencies) = postProject
	EndProjectSection
EndProject
Global
	GlobalSection(SolutionConfiguration) = preSolution
		Debug = Debug
		Release = Release
	EndGlobalSection
	GlobalSection(ProjectConfiguration) = postSolution
		{2EF3E0BD-3670-4EC2-B6B6-2A7ECCA6FE03}.Debug.ActiveCfg = Debug|Win32
		{2EF3E0BD-3670-4EC2-B6B6-2A7ECCA6FE03}.Debug.Build.0 = Debug|Win32
		{2EF3E0BD-3670-4EC2-B6B6-2A7ECCA6FE03}.Release.ActiveCfg = Release|Win32
		{2EF3E0BD-3670-4EC2-B6B6-2A7ECCA6FE03}.Release.Build.0 = Release|Win32
	EndGlobalSection
	GlobalSection(ExtensibilityGlobals) = postSolution
	EndGlobalSection
	GlobalSection(ExtensibilityAddIns) = postSolution
	EndGlobalSection
EndGlobal
